
Microsoft Visual Studio Solution File, Format Version 12.00
# Visual Studio Version 17
VisualStudioVersion = 17.0.32014.148
MinimumVisualStudioVersion = 10.0.40219.1
Project("{FAE04EC0-301F-11D3-BF4B-00C04F79EFBC}") = "UnitTestProject", "UnitTestProject.csproj", "{9E78F1E6-DAE7-4DA5-B3A5-560FB0F108FD}"
EndProject
Global
	GlobalSection(SolutionConfigurationPlatforms) = preSolution
		Debug|Any CPU = Debug|Any CPU
		Release|Any CPU = Release|Any CPU
	EndGlobalSection
	GlobalSection(ProjectConfigurationPlatforms) = postSolution
		{9E78F1E6-DAE7-4DA5-B3A5-560FB0F108FD}.Debug|Any CPU.ActiveCfg = Debug|Any CPU
		{9E78F1E6-DAE7-4DA5-B3A5-560FB0F108FD}.Debug|Any CPU.Build.0 = Debug|Any CPU
		{9E78F1E6-DAE7-4DA5-B3A5-560FB0F108FD}.Release|Any CPU.ActiveCfg = Release|Any CPU
		{9E78F1E6-DAE7-4DA5-B3A5-560FB0F108FD}.Release|Any CPU.Build.0 = Release|Any CPU
	EndGlobalSection
	GlobalSection(SolutionProperties) = preSolution
		HideSolutionNode = FALSE
	EndGlobalSection
	GlobalSection(ExtensibilityGlobals) = postSolution
		SolutionGuid = {675DF79D-D8C1-4A68-BBFB-24F73C398E1A}
	EndGlobalSection
EndGlobal
